
Microsoft Visual Studio Solution File, Format Version 12.00
# Visual Studio Version 17
VisualStudioVersion = 17.14.36930.0 d17.14
MinimumVisualStudioVersion = 10.0.40219.1
Project("{888888A0-9F3D-457C-B088-3A5042F75D52}") = "Mandelbrot", "Mandelbrot.pyproj", "{2A890610-DA39-41C4-9A72-635BD23910ED}"
EndProject
Global
	GlobalSection(SolutionConfigurationPlatforms) = preSolution
		Debug|Any CPU = Debug|Any CPU
		Release|Any CPU = Release|Any CPU
	EndGlobalSection
	GlobalSection(ProjectConfigurationPlatforms) = postSolution
		{2A890610-DA39-41C4-9A72-635BD23910ED}.Debug|Any CPU.ActiveCfg = Debug|Any CPU
		{2A890610-DA39-41C4-9A72-635BD23910ED}.Release|Any CPU.ActiveCfg = Release|Any CPU
	EndGlobalSection
	GlobalSection(SolutionProperties) = preSolution
		HideSolutionNode = FALSE
	EndGlobalSection
	GlobalSection(ExtensibilityGlobals) = postSolution
		SolutionGuid = {5933CF09-89F5-4BBD-ACDB-49953360B507}
	EndGlobalSection
EndGlobal
